
Microsoft Visual Studio Solution File, Format Version 12.00
# Visual Studio Version 16
VisualStudioVersion = 16.0.31005.135
MinimumVisualStudioVersion = 10.0.40219.1
Project("{8BC9CEB8-8B4A-11D0-8D11-00A0C91BC942}") = "P4", "P4\P4.vcxproj", "{95F984C3-2E9E-4414-9A17-BA887734D704}"
EndProject
Global
	GlobalSection(SolutionConfigurationPlatforms) = preSolution
		Debug|x64 = Debug|x64
		Debug|x86 = Debug|x86
		Release|x64 = Release|x64
		Release|x86 = Release|x86
	EndGlobalSection
	GlobalSection(ProjectConfigurationPlatforms) = postSolution
		{95F984C3-2E9E-4414-9A17-BA887734D704}.Debug|x64.ActiveCfg = Debug|x64
		{95F984C3-2E9E-4414-9A17-BA887734D704}.Debug|x64.Build.0 = Debug|x64
		{95F984C3-2E9E-4414-9A17-BA887734D704}.Debug|x86.ActiveCfg = Debug|Win32
		{95F984C3-2E9E-4414-9A17-BA887734D704}.Debug|x86.Build.0 = Debug|Win32
		{95F984C3-2E9E-4414-9A17-BA887734D704}.Release|x64.ActiveCfg = Release|x64
		{95F984C3-2E9E-4414-9A17-BA887734D704}.Release|x64.Build.0 = Release|x64
		{95F984C3-2E9E-4414-9A17-BA887734D704}.Release|x86.ActiveCfg = Release|Win32
		{95F984C3-2E9E-4414-9A17-BA887734D704}.Release|x86.Build.0 = Release|Win32
	EndGlobalSection
	GlobalSection(SolutionProperties) = preSolution
		HideSolutionNode = FALSE
	EndGlobalSection
	GlobalSection(ExtensibilityGlobals) = postSolution
		SolutionGuid = {825B3BAB-2DE5-4871-8236-46337D96CACB}
	EndGlobalSection
EndGlobal
